
Microsoft Visual Studio Solution File, Format Version 12.00
# Visual Studio Version 17
VisualStudioVersion = 17.3.32929.385
MinimumVisualStudioVersion = 10.0.40219.1
Project("{FAE04EC0-301F-11D3-BF4B-00C04F79EFBC}") = "UpSkill_CSharpWebAPI", "UpSkill_CSharpWebAPI\UpSkill_CSharpWebAPI.csproj", "{B2FD32E9-8E3E-423F-A730-05E7584BA6A6}"
EndProject
Global
	GlobalSection(SolutionConfigurationPlatforms) = preSolution
		Debug|Any CPU = Debug|Any CPU
		Release|Any CPU = Release|Any CPU
	EndGlobalSection
	GlobalSection(ProjectConfigurationPlatforms) = postSolution
		{B2FD32E9-8E3E-423F-A730-05E7584BA6A6}.Debug|Any CPU.ActiveCfg = Debug|Any CPU
		{B2FD32E9-8E3E-423F-A730-05E7584BA6A6}.Debug|Any CPU.Build.0 = Debug|Any CPU
		{B2FD32E9-8E3E-423F-A730-05E7584BA6A6}.Release|Any CPU.ActiveCfg = Release|Any CPU
		{B2FD32E9-8E3E-423F-A730-05E7584BA6A6}.Release|Any CPU.Build.0 = Release|Any CPU
	EndGlobalSection
	GlobalSection(SolutionProperties) = preSolution
		HideSolutionNode = FALSE
	EndGlobalSection
	GlobalSection(ExtensibilityGlobals) = postSolution
		SolutionGuid = {ECEB0C33-A45D-44D9-9CB4-663C7B6AFDDF}
	EndGlobalSection
EndGlobal
